<?xml version="1.0" encoding="utf-8"?>
<Project ToolsVersion="4.0" xmlns="http://schemas.microsoft.com/developer/msbuild/2003">
  <ItemGroup>
    <Filter Include="Header files">
      <UniqueIdentifier>{793ff4c5-45a1-4c87-9fb3-5622b1452ae3}</UniqueIdentifier>
    </Filter>
    <Filter Include="Source Files">
      <UniqueIdentifier>{64619d70-5021-4832-90e2-71428e6c6b9f}</UniqueIdentifier>
    </Filter>
  </ItemGroup>
  <ItemGroup>
    <ClInclude Include="h\item.h">
      <Filter>Header files</Filter>
    </ClInclude>
    <ClInclude Include="h\weapon.h">
      <Filter>Header files</Filter>
    </ClInclude>
    <ClInclude Include="h\ItemType.h">
      <Filter>Header files</Filter>
    </ClInclude>
    <ClInclude Include="h\items.h">
      <Filter>Header files</Filter>
    </ClInclude>
  </ItemGroup>
  <ItemGroup>
    <ClCompile Include="source\weapon.cpp">
      <Filter>Source Files</Filter>
    </ClCompile>
    <ClCompile Include="source\item.cpp">
      <Filter>Source Files</Filter>
    </ClCompile>
  </ItemGroup>
</Project>