<?xml version="1.0" encoding="utf-8"?>
<Project ToolsVersion="4.0" xmlns="http://schemas.microsoft.com/developer/msbuild/2003">
  <ItemGroup>
    <Filter Include="Header Files">
      <UniqueIdentifier>{f0716147-676b-41c4-b653-0a194742ac0f}</UniqueIdentifier>
    </Filter>
    <Filter Include="Source Files">
      <UniqueIdentifier>{86b61431-d714-48bf-a36a-d76b64ec38c9}</UniqueIdentifier>
    </Filter>
  </ItemGroup>
  <ItemGroup>
    <ClInclude Include="h\object.h">
      <Filter>Header Files</Filter>
    </ClInclude>
    <ClInclude Include="h\map.h">
      <Filter>Header Files</Filter>
    </ClInclude>
    <ClInclude Include="h\point.h">
      <Filter>Header Files</Filter>
    </ClInclude>
    <ClInclude Include="h\objects.h">
      <Filter>Header Files</Filter>
    </ClInclude>
    <ClInclude Include="h\baseObjectContainer.h">
      <Filter>Header Files</Filter>
    </ClInclude>
    <ClInclude Include="h\objectContainer.h">
      <Filter>Header Files</Filter>
    </ClInclude>
  </ItemGroup>
  <ItemGroup>
    <ClCompile Include="source\map.cpp">
      <Filter>Source Files</Filter>
    </ClCompile>
    <ClCompile Include="source\baseObjectContainer.cpp">
      <Filter>Source Files</Filter>
    </ClCompile>
    <ClCompile Include="source\objectContainer.cpp">
      <Filter>Source Files</Filter>
    </ClCompile>
  </ItemGroup>
</Project>