<?xml version="1.0" encoding="utf-8"?>
<Project ToolsVersion="4.0" xmlns="http://schemas.microsoft.com/developer/msbuild/2003">
  <ItemGroup>
    <Filter Include="Header files">
      <UniqueIdentifier>{08e93ddc-735e-454e-8056-5fd486fa3ece}</UniqueIdentifier>
    </Filter>
    <Filter Include="Source files">
      <UniqueIdentifier>{1be3355d-4b82-4faf-9de1-b76f35b778f8}</UniqueIdentifier>
    </Filter>
  </ItemGroup>
  <ItemGroup>
    <ClInclude Include="h\task.h">
      <Filter>Header files</Filter>
    </ClInclude>
    <ClInclude Include="h\tasks.h">
      <Filter>Header files</Filter>
    </ClInclude>
  </ItemGroup>
  <ItemGroup>
    <ClCompile Include="source\task.cpp">
      <Filter>Source files</Filter>
    </ClCompile>
  </ItemGroup>
</Project>