
Microsoft Visual Studio Solution File, Format Version 12.00
# Visual Studio 2013
VisualStudioVersion = 12.0.31101.0
MinimumVisualStudioVersion = 10.0.40219.1
Project("{8BC9CEB8-8B4A-11D0-8D11-00A0C91BC942}") = "tasks", "tasks\tasks.vcxproj", "{0F91FB90-FAB7-44BD-BBFA-0E5F173181C7}"
EndProject
Project("{8BC9CEB8-8B4A-11D0-8D11-00A0C91BC942}") = "items", "items\items.vcxproj", "{B113A5FD-E58A-49E7-BB95-13F27078055F}"
EndProject
Project("{8BC9CEB8-8B4A-11D0-8D11-00A0C91BC942}") = "map", "map\map.vcxproj", "{D7D5519E-4193-4286-8DB6-E7A17B9A6355}"
EndProject
Project("{8BC9CEB8-8B4A-11D0-8D11-00A0C91BC942}") = "creatures", "creatures\creatures.vcxproj", "{FC5BE5DA-66E0-4CD7-A6B9-282A9F5C79EE}"
EndProject
Project("{8BC9CEB8-8B4A-11D0-8D11-00A0C91BC942}") = "buildings", "buildings\buildings.vcxproj", "{2B330A83-1D6F-44F8-9812-653D4D25A1E0}"
EndProject
Project("{8BC9CEB8-8B4A-11D0-8D11-00A0C91BC942}") = "shell", "shell\shell.vcxproj", "{527EBE89-A07B-4515-87B9-88AC2F2CA16D}"
	ProjectSection(ProjectDependencies) = postProject
		{B08EB255-979E-46F7-A804-C8BC9F4E9002} = {B08EB255-979E-46F7-A804-C8BC9F4E9002}
		{15A54165-E7CA-4912-91C8-4F70A3DAE42B} = {15A54165-E7CA-4912-91C8-4F70A3DAE42B}
	EndProjectSection
EndProject
Project("{8BC9CEB8-8B4A-11D0-8D11-00A0C91BC942}") = "game", "game\game.vcxproj", "{15A54165-E7CA-4912-91C8-4F70A3DAE42B}"
	ProjectSection(ProjectDependencies) = postProject
		{2B330A83-1D6F-44F8-9812-653D4D25A1E0} = {2B330A83-1D6F-44F8-9812-653D4D25A1E0}
		{0F91FB90-FAB7-44BD-BBFA-0E5F173181C7} = {0F91FB90-FAB7-44BD-BBFA-0E5F173181C7}
		{D7D5519E-4193-4286-8DB6-E7A17B9A6355} = {D7D5519E-4193-4286-8DB6-E7A17B9A6355}
		{CFD708D6-CCCC-4844-8851-0417C9DEA64B} = {CFD708D6-CCCC-4844-8851-0417C9DEA64B}
		{FC5BE5DA-66E0-4CD7-A6B9-282A9F5C79EE} = {FC5BE5DA-66E0-4CD7-A6B9-282A9F5C79EE}
		{B113A5FD-E58A-49E7-BB95-13F27078055F} = {B113A5FD-E58A-49E7-BB95-13F27078055F}
	EndProjectSection
EndProject
Project("{8BC9CEB8-8B4A-11D0-8D11-00A0C91BC942}") = "objects", "objects\objects.vcxproj", "{CFD708D6-CCCC-4844-8851-0417C9DEA64B}"
EndProject
Project("{8BC9CEB8-8B4A-11D0-8D11-00A0C91BC942}") = "UserInterface", "UserInterface\UserInterface.vcxproj", "{B08EB255-979E-46F7-A804-C8BC9F4E9002}"
	ProjectSection(ProjectDependencies) = postProject
		{15A54165-E7CA-4912-91C8-4F70A3DAE42B} = {15A54165-E7CA-4912-91C8-4F70A3DAE42B}
	EndProjectSection
EndProject
Global
	GlobalSection(SolutionConfigurationPlatforms) = preSolution
		Debug|Win32 = Debug|Win32
		Release|Win32 = Release|Win32
	EndGlobalSection
	GlobalSection(ProjectConfigurationPlatforms) = postSolution
		{0F91FB90-FAB7-44BD-BBFA-0E5F173181C7}.Debug|Win32.ActiveCfg = Debug|Win32
		{0F91FB90-FAB7-44BD-BBFA-0E5F173181C7}.Debug|Win32.Build.0 = Debug|Win32
		{0F91FB90-FAB7-44BD-BBFA-0E5F173181C7}.Release|Win32.ActiveCfg = Release|Win32
		{0F91FB90-FAB7-44BD-BBFA-0E5F173181C7}.Release|Win32.Build.0 = Release|Win32
		{B113A5FD-E58A-49E7-BB95-13F27078055F}.Debug|Win32.ActiveCfg = Debug|Win32
		{B113A5FD-E58A-49E7-BB95-13F27078055F}.Debug|Win32.Build.0 = Debug|Win32
		{B113A5FD-E58A-49E7-BB95-13F27078055F}.Release|Win32.ActiveCfg = Release|Win32
		{B113A5FD-E58A-49E7-BB95-13F27078055F}.Release|Win32.Build.0 = Release|Win32
		{D7D5519E-4193-4286-8DB6-E7A17B9A6355}.Debug|Win32.ActiveCfg = Debug|Win32
		{D7D5519E-4193-4286-8DB6-E7A17B9A6355}.Debug|Win32.Build.0 = Debug|Win32
		{D7D5519E-4193-4286-8DB6-E7A17B9A6355}.Release|Win32.ActiveCfg = Release|Win32
		{D7D5519E-4193-4286-8DB6-E7A17B9A6355}.Release|Win32.Build.0 = Release|Win32
		{FC5BE5DA-66E0-4CD7-A6B9-282A9F5C79EE}.Debug|Win32.ActiveCfg = Debug|Win32
		{FC5BE5DA-66E0-4CD7-A6B9-282A9F5C79EE}.Debug|Win32.Build.0 = Debug|Win32
		{FC5BE5DA-66E0-4CD7-A6B9-282A9F5C79EE}.Release|Win32.ActiveCfg = Release|Win32
		{FC5BE5DA-66E0-4CD7-A6B9-282A9F5C79EE}.Release|Win32.Build.0 = Release|Win32
		{2B330A83-1D6F-44F8-9812-653D4D25A1E0}.Debug|Win32.ActiveCfg = Debug|Win32
		{2B330A83-1D6F-44F8-9812-653D4D25A1E0}.Debug|Win32.Build.0 = Debug|Win32
		{2B330A83-1D6F-44F8-9812-653D4D25A1E0}.Release|Win32.ActiveCfg = Release|Win32
		{2B330A83-1D6F-44F8-9812-653D4D25A1E0}.Release|Win32.Build.0 = Release|Win32
		{527EBE89-A07B-4515-87B9-88AC2F2CA16D}.Debug|Win32.ActiveCfg = Debug|Win32
		{527EBE89-A07B-4515-87B9-88AC2F2CA16D}.Debug|Win32.Build.0 = Debug|Win32
		{527EBE89-A07B-4515-87B9-88AC2F2CA16D}.Release|Win32.ActiveCfg = Release|Win32
		{527EBE89-A07B-4515-87B9-88AC2F2CA16D}.Release|Win32.Build.0 = Release|Win32
		{15A54165-E7CA-4912-91C8-4F70A3DAE42B}.Debug|Win32.ActiveCfg = Debug|Win32
		{15A54165-E7CA-4912-91C8-4F70A3DAE42B}.Debug|Win32.Build.0 = Debug|Win32
		{15A54165-E7CA-4912-91C8-4F70A3DAE42B}.Release|Win32.ActiveCfg = Release|Win32
		{15A54165-E7CA-4912-91C8-4F70A3DAE42B}.Release|Win32.Build.0 = Release|Win32
		{CFD708D6-CCCC-4844-8851-0417C9DEA64B}.Debug|Win32.ActiveCfg = Debug|Win32
		{CFD708D6-CCCC-4844-8851-0417C9DEA64B}.Debug|Win32.Build.0 = Debug|Win32
		{CFD708D6-CCCC-4844-8851-0417C9DEA64B}.Release|Win32.ActiveCfg = Release|Win32
		{CFD708D6-CCCC-4844-8851-0417C9DEA64B}.Release|Win32.Build.0 = Release|Win32
		{B08EB255-979E-46F7-A804-C8BC9F4E9002}.Debug|Win32.ActiveCfg = Debug|Win32
		{B08EB255-979E-46F7-A804-C8BC9F4E9002}.Debug|Win32.Build.0 = Debug|Win32
		{B08EB255-979E-46F7-A804-C8BC9F4E9002}.Release|Win32.ActiveCfg = Release|Win32
		{B08EB255-979E-46F7-A804-C8BC9F4E9002}.Release|Win32.Build.0 = Release|Win32
	EndGlobalSection
	GlobalSection(SolutionProperties) = preSolution
		HideSolutionNode = FALSE
	EndGlobalSection
EndGlobal
